// !$*UTF8*$!
{
	archiveVersion = 1;
	classes = {
	};
	objectVersion = 77;
	objects = {

/* Begin PBXContainerItemProxy section */
		EB7388F32DF5A997003853DF /* PBXContainerItemProxy */ = {
			isa = PBXContainerItemProxy;
			containerPortal = EB7388DD2DF5A996003853DF /* Project object */;
			proxyType = 1;
			remoteGlobalIDString = EB7388E42DF5A996003853DF;
			remoteInfo = "Meal Picker_IOS";
		};
		EB7388FD2DF5A997003853DF /* PBXContainerItemProxy */ = {
			isa = PBXContainerItemProxy;
			containerPortal = EB7388DD2DF5A996003853DF /* Project object */;
			proxyType = 1;
			remoteGlobalIDString = EB7388E42DF5A996003853DF;
			remoteInfo = "Meal Picker_IOS";
		};
/* End PBXContainerItemProxy section */

/* Begin PBXFileReference section */
		EB7388E52DF5A996003853DF /* Meal Picker_IOS.app */ = {isa = PBXFileReference; explicitFileType = wrapper.application; includeInIndex = 0; path = "Meal Picker_IOS.app"; sourceTree = BUILT_PRODUCTS_DIR; };
		EB7388F22DF5A997003853DF /* Meal Picker_IOSTests.xctest */ = {isa = PBXFileReference; explicitFileType = wrapper.cfbundle; includeInIndex = 0; path = "Meal Picker_IOSTests.xctest"; sourceTree = BUILT_PRODUCTS_DIR; };
		EB7388FC2DF5A997003853DF /* Meal Picker_IOSUITests.xctest */ = {isa = PBXFileReference; explicitFileType = wrapper.cfbundle; includeInIndex = 0; path = "Meal Picker_IOSUITests.xctest"; sourceTree = BUILT_PRODUCTS_DIR; };
/* End PBXFileReference section */

/* Begin PBXFileSystemSynchronizedRootGroup section */
		EB7388E72DF5A996003853DF /* Meal Picker_IOS */ = {
			isa = PBXFileSystemSynchronizedRootGroup;
			path = "Meal Picker_IOS";
			sourceTree = "<group>";
		};
		EB7388F52DF5A997003853DF /* Meal Picker_IOSTests */ = {
			isa = PBXFileSystemSynchronizedRootGroup;
			path = "Meal Picker_IOSTests";
			sourceTree = "<group>";
		};
		EB7388FF2DF5A997003853DF /* Meal Picker_IOSUITests */ = {
			isa = PBXFileSystemSynchronizedRootGroup;
			path = "Meal Picker_IOSUITests";
			sourceTree = "<group>";
		};
/* End PBXFileSystemSynchronizedRootGroup section */

/* Begin PBXFrameworksBuildPhase section */
		EB7388E22DF5A996003853DF /* Frameworks */ = {
			isa = PBXFrameworksBuildPhase;
			buildActionMask = 2147483647;
			files = (
			);
			runOnlyForDeploymentPostprocessing = 0;
		};
		EB7388EF2DF5A997003853DF /* Frameworks */ = {
			isa = PBXFrameworksBuildPhase;
			buildActionMask = 2147483647;
			files = (
			);
			runOnlyForDeploymentPostprocessing = 0;
		};
		EB7388F92DF5A997003853DF /* Frameworks */ = {
			isa = PBXFrameworksBuildPhase;
			buildActionMask = 2147483647;
			files = (
			);
			runOnlyForDeploymentPostprocessing = 0;
		};
/* End PBXFrameworksBuildPhase section */

/* Begin PBXGroup section */
		EB7388DC2DF5A996003853DF = {
			isa = PBXGroup;
			children = (
				EB7388E72DF5A996003853DF /* Meal Picker_IOS */,
				EB7388F52DF5A997003853DF /* Meal Picker_IOSTests */,
				EB7388FF2DF5A997003853DF /* Meal Picker_IOSUITests */,
				EB7388E62DF5A996003853DF /* Products */,
			);
			sourceTree = "<group>";
		};
		EB7388E62DF5A996003853DF /* Products */ = {
			isa = PBXGroup;
			children = (
				EB7388E52DF5A996003853DF /* Meal Picker_IOS.app */,
				EB7388F22DF5A997003853DF /* Meal Picker_IOSTests.xctest */,
				EB7388FC2DF5A997003853DF /* Meal Picker_IOSUITests.xctest */,
			);
			name = Products;
			sourceTree = "<group>";
		};
/* End PBXGroup section */

/* Begin PBXNativeTarget section */
		EB7388E42DF5A996003853DF /* Meal Picker_IOS */ = {
			isa = PBXNativeTarget;
			buildConfigurationList = EB7389062DF5A997003853DF /* Build configuration list for PBXNativeTarget "Meal Picker_IOS" */;
			buildPhases = (
				EB7388E12DF5A996003853DF /* Sources */,
				EB7388E22DF5A996003853DF /* Frameworks */,
				EB7388E32DF5A996003853DF /* Resources */,
			);
			buildRules = (
			);
			dependencies = (
			);
			fileSystemSynchronizedGroups = (
				EB7388E72DF5A996003853DF /* Meal Picker_IOS */,
			);
			name = "Meal Picker_IOS";
			packageProductDependencies = (
			);
			productName = "Meal Picker_IOS";
			productReference = EB7388E52DF5A996003853DF /* Meal Picker_IOS.app */;
			productType = "com.apple.product-type.application";
		};
		EB7388F12DF5A997003853DF /* Meal Picker_IOSTests */ = {
			isa = PBXNativeTarget;
			buildConfigurationList = EB7389092DF5A997003853DF /* Build configuration list for PBXNativeTarget "Meal Picker_IOSTests" */;
			buildPhases = (
				EB7388EE2DF5A997003853DF /* Sources */,
				EB7388EF2DF5A997003853DF /* Frameworks */,
				EB7388F02DF5A997003853DF /* Resources */,
			);
			buildRules = (
			);
			dependencies = (
				EB7388F42DF5A997003853DF /* PBXTargetDependency */,
			);
			fileSystemSynchronizedGroups = (
				EB7388F52DF5A997003853DF /* Meal Picker_IOSTests */,
			);
			name = "Meal Picker_IOSTests";
			packageProductDependencies = (
			);
			productName = "Meal Picker_IOSTests";
			productReference = EB7388F22DF5A997003853DF /* Meal Picker_IOSTests.xctest */;
			productType = "com.apple.product-type.bundle.unit-test";
		};
		EB7388FB2DF5A997003853DF /* Meal Picker_IOSUITests */ = {
			isa = PBXNativeTarget;
			buildConfigurationList = EB73890C2DF5A997003853DF /* Build configuration list for PBXNativeTarget "Meal Picker_IOSUITests" */;
			buildPhases = (
				EB7388F82DF5A997003853DF /* Sources */,
				EB7388F92DF5A997003853DF /* Frameworks */,
				EB7388FA2DF5A997003853DF /* Resources */,
			);
			buildRules = (
			);
			dependencies = (
				EB7388FE2DF5A997003853DF /* PBXTargetDependency */,
			);
			fileSystemSynchronizedGroups = (
				EB7388FF2DF5A997003853DF /* Meal Picker_IOSUITests */,
			);
			name = "Meal Picker_IOSUITests";
			packageProductDependencies = (
			);
			productName = "Meal Picker_IOSUITests";
			productReference = EB7388FC2DF5A997003853DF /* Meal Picker_IOSUITests.xctest */;
			productType = "com.apple.product-type.bundle.ui-testing";
		};
/* End PBXNativeTarget section */

/* Begin PBXProject section */
		EB7388DD2DF5A996003853DF /* Project object */ = {
			isa = PBXProject;
			attributes = {
				BuildIndependentTargetsInParallel = 1;
				LastSwiftUpdateCheck = 1630;
				LastUpgradeCheck = 1630;
				TargetAttributes = {
					EB7388E42DF5A996003853DF = {
						CreatedOnToolsVersion = 16.3;
					};
					EB7388F12DF5A997003853DF = {
						CreatedOnToolsVersion = 16.3;
						TestTargetID = EB7388E42DF5A996003853DF;
					};
					EB7388FB2DF5A997003853DF = {
						CreatedOnToolsVersion = 16.3;
						TestTargetID = EB7388E42DF5A996003853DF;
					};
				};
			};
			buildConfigurationList = EB7388E02DF5A996003853DF /* Build configuration list for PBXProject "Meal Picker_IOS" */;
			developmentRegion = en;
			hasScannedForEncodings = 0;
			knownRegions = (
				en,
				Base,
			);
			mainGroup = EB7388DC2DF5A996003853DF;
			minimizedProjectReferenceProxies = 1;
			preferredProjectObjectVersion = 77;
			productRefGroup = EB7388E62DF5A996003853DF /* Products */;
			projectDirPath = "";
			projectRoot = "";
			targets = (
				EB7388E42DF5A996003853DF /* Meal Picker_IOS */,
				EB7388F12DF5A997003853DF /* Meal Picker_IOSTests */,
				EB7388FB2DF5A997003853DF /* Meal Picker_IOSUITests */,
			);
		};
/* End PBXProject section */

/* Begin PBXResourcesBuildPhase section */
		EB7388E32DF5A996003853DF /* Resources */ = {
			isa = PBXResourcesBuildPhase;
			buildActionMask = 2147483647;
			files = (
			);
			runOnlyForDeploymentPostprocessing = 0;
		};
		EB7388F02DF5A997003853DF /* Resources */ = {
			isa = PBXResourcesBuildPhase;
			buildActionMask = 2147483647;
			files = (
			);
			runOnlyForDeploymentPostprocessing = 0;
		};
		EB7388FA2DF5A997003853DF /* Resources */ = {
			isa = PBXResourcesBuildPhase;
			buildActionMask = 2147483647;
			files = (
			);
			runOnlyForDeploymentPostprocessing = 0;
		};
/* End PBXResourcesBuildPhase section */

/* Begin PBXSourcesBuildPhase section */
		EB7388E12DF5A996003853DF /* Sources */ = {
			isa = PBXSourcesBuildPhase;
			buildActionMask = 2147483647;
			files = (
			);
			runOnlyForDeploymentPostprocessing = 0;
		};
		EB7388EE2DF5A997003853DF /* Sources */ = {
			isa = PBXSourcesBuildPhase;
			buildActionMask = 2147483647;
			files = (
			);
			runOnlyForDeploymentPostprocessing = 0;
		};
		EB7388F82DF5A997003853DF /* Sources */ = {
			isa = PBXSourcesBuildPhase;
			buildActionMask = 2147483647;
			files = (
			);
			runOnlyForDeploymentPostprocessing = 0;
		};
/* End PBXSourcesBuildPhase section */

/* Begin PBXTargetDependency section */
		EB7388F42DF5A997003853DF /* PBXTargetDependency */ = {
			isa = PBXTargetDependency;
			target = EB7388E42DF5A996003853DF /* Meal Picker_IOS */;
			targetProxy = EB7388F32DF5A997003853DF /* PBXContainerItemProxy */;
		};
		EB7388FE2DF5A997003853DF /* PBXTargetDependency */ = {
			isa = PBXTargetDependency;
			target = EB7388E42DF5A996003853DF /* Meal Picker_IOS */;
			targetProxy = EB7388FD2DF5A997003853DF /* PBXContainerItemProxy */;
		};
/* End PBXTargetDependency section */

/* Begin XCBuildConfiguration section */
		EB7389042DF5A997003853DF /* Debug */ = {
			isa = XCBuildConfiguration;
			buildSettings = {
				ALWAYS_SEARCH_USER_PATHS = NO;
				ASSETCATALOG_COMPILER_GENERATE_SWIFT_ASSET_SYMBOL_EXTENSIONS = YES;
				CLANG_ANALYZER_NONNULL = YES;
				CLANG_ANALYZER_NUMBER_OBJECT_CONVERSION = YES_AGGRESSIVE;
				CLANG_CXX_LANGUAGE_STANDARD = "gnu++20";
				CLANG_ENABLE_MODULES = YES;
				CLANG_ENABLE_OBJC_ARC = YES;
				CLANG_ENABLE_OBJC_WEAK = YES;
				CLANG_WARN_BLOCK_CAPTURE_AUTORELEASING = YES;
				CLANG_WARN_BOOL_CONVERSION = YES;
				CLANG_WARN_COMMA = YES;
				CLANG_WARN_CONSTANT_CONVERSION = YES;
				CLANG_WARN_DEPRECATED_OBJC_IMPLEMENTATIONS = YES;
				CLANG_WARN_DIRECT_OBJC_ISA_USAGE = YES_ERROR;
				CLANG_WARN_DOCUMENTATION_COMMENTS = YES;
				CLANG_WARN_EMPTY_BODY = YES;
				CLANG_WARN_ENUM_CONVERSION = YES;
				CLANG_WARN_INFINITE_RECURSION = YES;
				CLANG_WARN_INT_CONVERSION = YES;
				CLANG_WARN_NON_LITERAL_NULL_CONVERSION = YES;
				CLANG_WARN_OBJC_IMPLICIT_RETAIN_SELF = YES;
				CLANG_WARN_OBJC_LITERAL_CONVERSION = YES;
				CLANG_WARN_OBJC_ROOT_CLASS = YES_ERROR;
				CLANG_WARN_QUOTED_INCLUDE_IN_FRAMEWORK_HEADER = YES;
				CLANG_WARN_RANGE_LOOP_ANALYSIS = YES;
				CLANG_WARN_STRICT_PROTOTYPES = YES;
				CLANG_WARN_SUSPICIOUS_MOVE = YES;
				CLANG_WARN_UNGUARDED_AVAILABILITY = YES_AGGRESSIVE;
				CLANG_WARN_UNREACHABLE_CODE = YES;
				CLANG_WARN__DUPLICATE_METHOD_MATCH = YES;
				COPY_PHASE_STRIP = NO;
				DEBUG_INFORMATION_FORMAT = dwarf;
				DEVELOPMENT_TEAM = TM3NW96WQV;
				ENABLE_STRICT_OBJC_MSGSEND = YES;
				ENABLE_TESTABILITY = YES;
				ENABLE_USER_SCRIPT_SANDBOXING = YES;
				GCC_C_LANGUAGE_STANDARD = gnu17;
				GCC_DYNAMIC_NO_PIC = NO;
				GCC_NO_COMMON_BLOCKS = YES;
				GCC_OPTIMIZATION_LEVEL = 0;
				GCC_PREPROCESSOR_DEFINITIONS = (
					"DEBUG=1",
					"$(inherited)",
				);
				GCC_WARN_64_TO_32_BIT_CONVERSION = YES;
				GCC_WARN_ABOUT_RETURN_TYPE = YES_ERROR;
				GCC_WARN_UNDECLARED_SELECTOR = YES;
				GCC_WARN_UNINITIALIZED_AUTOS = YES_AGGRESSIVE;
				GCC_WARN_UNUSED_FUNCTION = YES;
				GCC_WARN_UNUSED_VARIABLE = YES;
				IPHONEOS_DEPLOYMENT_TARGET = 18.4;
				LOCALIZATION_PREFERS_STRING_CATALOGS = YES;
				MTL_ENABLE_DEBUG_INFO = INCLUDE_SOURCE;
				MTL_FAST_MATH = YES;
				ONLY_ACTIVE_ARCH = YES;
				SDKROOT = iphoneos;
				SWIFT_ACTIVE_COMPILATION_CONDITIONS = "DEBUG $(inherited)";
				SWIFT_OPTIMIZATION_LEVEL = "-Onone";
			};
			name = Debug;
		};
		EB7389052DF5A997003853DF /* Release */ = {
			isa = XCBuildConfiguration;
			buildSettings = {
				ALWAYS_SEARCH_USER_PATHS = NO;
				ASSETCATALOG_COMPILER_GENERATE_SWIFT_ASSET_SYMBOL_EXTENSIONS = YES;
				CLANG_ANALYZER_NONNULL = YES;
				CLANG_ANALYZER_NUMBER_OBJECT_CONVERSION = YES_AGGRESSIVE;
				CLANG_CXX_LANGUAGE_STANDARD = "gnu++20";
				CLANG_ENABLE_MODULES = YES;
				CLANG_ENABLE_OBJC_ARC = YES;
				CLANG_ENABLE_OBJC_WEAK = YES;
				CLANG_WARN_BLOCK_CAPTURE_AUTORELEASING = YES;
				CLANG_WARN_BOOL_CONVERSION = YES;
				CLANG_WARN_COMMA = YES;
				CLANG_WARN_CONSTANT_CONVERSION = YES;
				CLANG_WARN_DEPRECATED_OBJC_IMPLEMENTATIONS = YES;
				CLANG_WARN_DIRECT_OBJC_ISA_USAGE = YES_ERROR;
				CLANG_WARN_DOCUMENTATION_COMMENTS = YES;
				CLANG_WARN_EMPTY_BODY = YES;
				CLANG_WARN_ENUM_CONVERSION = YES;
				CLANG_WARN_INFINITE_RECURSION = YES;
				CLANG_WARN_INT_CONVERSION = YES;
				CLANG_WARN_NON_LITERAL_NULL_CONVERSION = YES;
				CLANG_WARN_OBJC_IMPLICIT_RETAIN_SELF = YES;
				CLANG_WARN_OBJC_LITERAL_CONVERSION = YES;
				CLANG_WARN_OBJC_ROOT_CLASS = YES_ERROR;
				CLANG_WARN_QUOTED_INCLUDE_IN_FRAMEWORK_HEADER = YES;
				CLANG_WARN_RANGE_LOOP_ANALYSIS = YES;
				CLANG_WARN_STRICT_PROTOTYPES = YES;
				CLANG_WARN_SUSPICIOUS_MOVE = YES;
				CLANG_WARN_UNGUARDED_AVAILABILITY = YES_AGGRESSIVE;
				CLANG_WARN_UNREACHABLE_CODE = YES;
				CLANG_WARN__DUPLICATE_METHOD_MATCH = YES;
				COPY_PHASE_STRIP = NO;
				DEBUG_INFORMATION_FORMAT = "dwarf-with-dsym";
				DEVELOPMENT_TEAM = TM3NW96WQV;
				ENABLE_NS_ASSERTIONS = NO;
				ENABLE_STRICT_OBJC_MSGSEND = YES;
				ENABLE_USER_SCRIPT_SANDBOXING = YES;
				GCC_C_LANGUAGE_STANDARD = gnu17;
				GCC_NO_COMMON_BLOCKS = YES;
				GCC_WARN_64_TO_32_BIT_CONVERSION = YES;
				GCC_WARN_ABOUT_RETURN_TYPE = YES_ERROR;
				GCC_WARN_UNDECLARED_SELECTOR = YES;
				GCC_WARN_UNINITIALIZED_AUTOS = YES_AGGRESSIVE;
				GCC_WARN_UNUSED_FUNCTION = YES;
				GCC_WARN_UNUSED_VARIABLE = YES;
				IPHONEOS_DEPLOYMENT_TARGET = 18.4;
				LOCALIZATION_PREFERS_STRING_CATALOGS = YES;
				MTL_ENABLE_DEBUG_INFO = NO;
				MTL_FAST_MATH = YES;
				SDKROOT = iphoneos;
				SWIFT_COMPILATION_MODE = wholemodule;
				VALIDATE_PRODUCT = YES;
			};
			name = Release;
		};
		EB7389072DF5A997003853DF /* Debug */ = {
			isa = XCBuildConfiguration;
			buildSettings = {
				ASSETCATALOG_COMPILER_APPICON_NAME = AppIcon;
				ASSETCATALOG_COMPILER_GLOBAL_ACCENT_COLOR_NAME = AccentColor;
				CODE_SIGN_STYLE = Automatic;
				CURRENT_PROJECT_VERSION = 1;
				DEVELOPMENT_TEAM = TM3NW96WQV;
				ENABLE_PREVIEWS = YES;
				GENERATE_INFOPLIST_FILE = YES;
				INFOPLIST_KEY_UIApplicationSceneManifest_Generation = YES;
				INFOPLIST_KEY_UIApplicationSupportsIndirectInputEvents = YES;
				INFOPLIST_KEY_UILaunchScreen_Generation = YES;
				INFOPLIST_KEY_UISupportedInterfaceOrientations_iPad = "UIInterfaceOrientationPortrait UIInterfaceOrientationPortraitUpsideDown UIInterfaceOrientationLandscapeLeft UIInterfaceOrientationLandscapeRight";
				INFOPLIST_KEY_UISupportedInterfaceOrientations_iPhone = "UIInterfaceOrientationPortrait UIInterfaceOrientationLandscapeLeft UIInterfaceOrientationLandscapeRight";
				LD_RUNPATH_SEARCH_PATHS = (
					"$(inherited)",
					"@executable_path/Frameworks",
				);
				MARKETING_VERSION = 1.0;
				PRODUCT_BUNDLE_IDENTIFIER = "hekm.Meal-Picker-IOS";
				PRODUCT_NAME = "$(TARGET_NAME)";
				SWIFT_EMIT_LOC_STRINGS = YES;
				SWIFT_VERSION = 5.0;
				TARGETED_DEVICE_FAMILY = "1,2";
			};
			name = Debug;
		};
		EB7389082DF5A997003853DF /* Release */ = {
			isa = XCBuildConfiguration;
			buildSettings = {
				ASSETCATALOG_COMPILER_APPICON_NAME = AppIcon;
				ASSETCATALOG_COMPILER_GLOBAL_ACCENT_COLOR_NAME = AccentColor;
				CODE_SIGN_STYLE = Automatic;
				CURRENT_PROJECT_VERSION = 1;
				DEVELOPMENT_TEAM = TM3NW96WQV;
				ENABLE_PREVIEWS = YES;
				GENERATE_INFOPLIST_FILE = YES;
				INFOPLIST_KEY_UIApplicationSceneManifest_Generation = YES;
				INFOPLIST_KEY_UIApplicationSupportsIndirectInputEvents = YES;
				INFOPLIST_KEY_UILaunchScreen_Generation = YES;
				INFOPLIST_KEY_UISupportedInterfaceOrientations_iPad = "UIInterfaceOrientationPortrait UIInterfaceOrientationPortraitUpsideDown UIInterfaceOrientationLandscapeLeft UIInterfaceOrientationLandscapeRight";
				INFOPLIST_KEY_UISupportedInterfaceOrientations_iPhone = "UIInterfaceOrientationPortrait UIInterfaceOrientationLandscapeLeft UIInterfaceOrientationLandscapeRight";
				LD_RUNPATH_SEARCH_PATHS = (
					"$(inherited)",
					"@executable_path/Frameworks",
				);
				MARKETING_VERSION = 1.0;
				PRODUCT_BUNDLE_IDENTIFIER = "hekm.Meal-Picker-IOS";
				PRODUCT_NAME = "$(TARGET_NAME)";
				SWIFT_EMIT_LOC_STRINGS = YES;
				SWIFT_VERSION = 5.0;
				TARGETED_DEVICE_FAMILY = "1,2";
			};
			name = Release;
		};
		EB73890A2DF5A997003853DF /* Debug */ = {
			isa = XCBuildConfiguration;
			buildSettings = {
				BUNDLE_LOADER = "$(TEST_HOST)";
				CODE_SIGN_STYLE = Automatic;
				CURRENT_PROJECT_VERSION = 1;
				DEVELOPMENT_TEAM = TM3NW96WQV;
				GENERATE_INFOPLIST_FILE = YES;
				IPHONEOS_DEPLOYMENT_TARGET = 18.4;
				MARKETING_VERSION = 1.0;
				PRODUCT_BUNDLE_IDENTIFIER = "hekm.Meal-Picker-IOSTests";
				PRODUCT_NAME = "$(TARGET_NAME)";
				SWIFT_EMIT_LOC_STRINGS = NO;
				SWIFT_VERSION = 5.0;
				TARGETED_DEVICE_FAMILY = "1,2";
				TEST_HOST = "$(BUILT_PRODUCTS_DIR)/Meal Picker_IOS.app/$(BUNDLE_EXECUTABLE_FOLDER_PATH)/Meal Picker_IOS";
			};
			name = Debug;
		};
		EB73890B2DF5A997003853DF /* Release */ = {
			isa = XCBuildConfiguration;
			buildSettings = {
				BUNDLE_LOADER = "$(TEST_HOST)";
				CODE_SIGN_STYLE = Automatic;
				CURRENT_PROJECT_VERSION = 1;
				DEVELOPMENT_TEAM = TM3NW96WQV;
				GENERATE_INFOPLIST_FILE = YES;
				IPHONEOS_DEPLOYMENT_TARGET = 18.4;
				MARKETING_VERSION = 1.0;
				PRODUCT_BUNDLE_IDENTIFIER = "hekm.Meal-Picker-IOSTests";
				PRODUCT_NAME = "$(TARGET_NAME)";
				SWIFT_EMIT_LOC_STRINGS = NO;
				SWIFT_VERSION = 5.0;
				TARGETED_DEVICE_FAMILY = "1,2";
				TEST_HOST = "$(BUILT_PRODUCTS_DIR)/Meal Picker_IOS.app/$(BUNDLE_EXECUTABLE_FOLDER_PATH)/Meal Picker_IOS";
			};
			name = Release;
		};
		EB73890D2DF5A997003853DF /* Debug */ = {
			isa = XCBuildConfiguration;
			buildSettings = {
				CODE_SIGN_STYLE = Automatic;
				CURRENT_PROJECT_VERSION = 1;
				DEVELOPMENT_TEAM = TM3NW96WQV;
				GENERATE_INFOPLIST_FILE = YES;
				MARKETING_VERSION = 1.0;
				PRODUCT_BUNDLE_IDENTIFIER = "hekm.Meal-Picker-IOSUITests";
				PRODUCT_NAME = "$(TARGET_NAME)";
				SWIFT_EMIT_LOC_STRINGS = NO;
				SWIFT_VERSION = 5.0;
				TARGETED_DEVICE_FAMILY = "1,2";
				TEST_TARGET_NAME = "Meal Picker_IOS";
			};
			name = Debug;
		};
		EB73890E2DF5A997003853DF /* Release */ = {
			isa = XCBuildConfiguration;
			buildSettings = {
				CODE_SIGN_STYLE = Automatic;
				CURRENT_PROJECT_VERSION = 1;
				DEVELOPMENT_TEAM = TM3NW96WQV;
				GENERATE_INFOPLIST_FILE = YES;
				MARKETING_VERSION = 1.0;
				PRODUCT_BUNDLE_IDENTIFIER = "hekm.Meal-Picker-IOSUITests";
				PRODUCT_NAME = "$(TARGET_NAME)";
				SWIFT_EMIT_LOC_STRINGS = NO;
				SWIFT_VERSION = 5.0;
				TARGETED_DEVICE_FAMILY = "1,2";
				TEST_TARGET_NAME = "Meal Picker_IOS";
			};
			name = Release;
		};
/* End XCBuildConfiguration section */

/* Begin XCConfigurationList section */
		EB7388E02DF5A996003853DF /* Build configuration list for PBXProject "Meal Picker_IOS" */ = {
			isa = XCConfigurationList;
			buildConfigurations = (
				EB7389042DF5A997003853DF /* Debug */,
				EB7389052DF5A997003853DF /* Release */,
			);
			defaultConfigurationIsVisible = 0;
			defaultConfigurationName = Release;
		};
		EB7389062DF5A997003853DF /* Build configuration list for PBXNativeTarget "Meal Picker_IOS" */ = {
			isa = XCConfigurationList;
			buildConfigurations = (
				EB7389072DF5A997003853DF /* Debug */,
				EB7389082DF5A997003853DF /* Release */,
			);
			defaultConfigurationIsVisible = 0;
			defaultConfigurationName = Release;
		};
		EB7389092DF5A997003853DF /* Build configuration list for PBXNativeTarget "Meal Picker_IOSTests" */ = {
			isa = XCConfigurationList;
			buildConfigurations = (
				EB73890A2DF5A997003853DF /* Debug */,
				EB73890B2DF5A997003853DF /* Release */,
			);
			defaultConfigurationIsVisible = 0;
			defaultConfigurationName = Release;
		};
		EB73890C2DF5A997003853DF /* Build configuration list for PBXNativeTarget "Meal Picker_IOSUITests" */ = {
			isa = XCConfigurationList;
			buildConfigurations = (
				EB73890D2DF5A997003853DF /* Debug */,
				EB73890E2DF5A997003853DF /* Release */,
			);
			defaultConfigurationIsVisible = 0;
			defaultConfigurationName = Release;
		};
/* End XCConfigurationList section */
	};
	rootObject = EB7388DD2DF5A996003853DF /* Project object */;
}
